
Microsoft Visual Studio Solution File, Format Version 12.00
# Visual Studio Version 16
VisualStudioVersion = 16.0.30517.126
MinimumVisualStudioVersion = 10.0.40219.1
Project("{FAE04EC0-301F-11D3-BF4B-00C04F79EFBC}") = "Airsqreen", "Airsqreen.csproj", "{99E4D22A-B5A3-44BF-80EB-3A813B693FA6}"
EndProject
Global
	GlobalSection(SolutionConfigurationPlatforms) = preSolution
		Debug|Any CPU = Debug|Any CPU
		Release|Any CPU = Release|Any CPU
	EndGlobalSection
	GlobalSection(ProjectConfigurationPlatforms) = postSolution
		{99E4D22A-B5A3-44BF-80EB-3A813B693FA6}.Debug|Any CPU.ActiveCfg = Debug|Any CPU
		{99E4D22A-B5A3-44BF-80EB-3A813B693FA6}.Debug|Any CPU.Build.0 = Debug|Any CPU
		{99E4D22A-B5A3-44BF-80EB-3A813B693FA6}.Release|Any CPU.ActiveCfg = Release|Any CPU
		{99E4D22A-B5A3-44BF-80EB-3A813B693FA6}.Release|Any CPU.Build.0 = Release|Any CPU
	EndGlobalSection
	GlobalSection(SolutionProperties) = preSolution
		HideSolutionNode = FALSE
	EndGlobalSection
	GlobalSection(ExtensibilityGlobals) = postSolution
		SolutionGuid = {554076F5-D0D0-49C5-AC3B-31943E8162FF}
	EndGlobalSection
EndGlobal
